
Microsoft Visual Studio Solution File, Format Version 12.00
# Visual Studio 15
VisualStudioVersion = 15.0.27428.2005
MinimumVisualStudioVersion = 10.0.40219.1
Project("{FAE04EC0-301F-11D3-BF4B-00C04F79EFBC}") = "JWT", "JWT\JWT.csproj", "{CC3946F0-4F1E-482C-B673-001DFD888E15}"
EndProject
Global
	GlobalSection(SolutionConfigurationPlatforms) = preSolution
		Debug|Any CPU = Debug|Any CPU
		Release|Any CPU = Release|Any CPU
	EndGlobalSection
	GlobalSection(ProjectConfigurationPlatforms) = postSolution
		{CC3946F0-4F1E-482C-B673-001DFD888E15}.Debug|Any CPU.ActiveCfg = Debug|Any CPU
		{CC3946F0-4F1E-482C-B673-001DFD888E15}.Debug|Any CPU.Build.0 = Debug|Any CPU
		{CC3946F0-4F1E-482C-B673-001DFD888E15}.Release|Any CPU.ActiveCfg = Release|Any CPU
		{CC3946F0-4F1E-482C-B673-001DFD888E15}.Release|Any CPU.Build.0 = Release|Any CPU
	EndGlobalSection
	GlobalSection(SolutionProperties) = preSolution
		HideSolutionNode = FALSE
	EndGlobalSection
	GlobalSection(ExtensibilityGlobals) = postSolution
		SolutionGuid = {7E778A1C-ECFE-4140-932C-4C674D4FDF28}
	EndGlobalSection
EndGlobal
