
Microsoft Visual Studio Solution File, Format Version 12.00
# Visual Studio 15
VisualStudioVersion = 15.0.27428.2015
MinimumVisualStudioVersion = 10.0.40219.1
Project("{FAE04EC0-301F-11D3-BF4B-00C04F79EFBC}") = "Swagger", "Swagger\Swagger.csproj", "{AEA3A07D-9A04-401B-A354-5CB122398232}"
EndProject
Global
	GlobalSection(SolutionConfigurationPlatforms) = preSolution
		Debug|Any CPU = Debug|Any CPU
		Release|Any CPU = Release|Any CPU
	EndGlobalSection
	GlobalSection(ProjectConfigurationPlatforms) = postSolution
		{AEA3A07D-9A04-401B-A354-5CB122398232}.Debug|Any CPU.ActiveCfg = Debug|Any CPU
		{AEA3A07D-9A04-401B-A354-5CB122398232}.Debug|Any CPU.Build.0 = Debug|Any CPU
		{AEA3A07D-9A04-401B-A354-5CB122398232}.Release|Any CPU.ActiveCfg = Release|Any CPU
		{AEA3A07D-9A04-401B-A354-5CB122398232}.Release|Any CPU.Build.0 = Release|Any CPU
	EndGlobalSection
	GlobalSection(SolutionProperties) = preSolution
		HideSolutionNode = FALSE
	EndGlobalSection
	GlobalSection(ExtensibilityGlobals) = postSolution
		SolutionGuid = {F09C9B43-84D5-49D3-9F54-A70306E062FA}
	EndGlobalSection
EndGlobal
