
Microsoft Visual Studio Solution File, Format Version 12.00
# Visual Studio 15
VisualStudioVersion = 15.0.27428.2015
MinimumVisualStudioVersion = 10.0.40219.1
Project("{FAE04EC0-301F-11D3-BF4B-00C04F79EFBC}") = "GraphQLSample", "GraphQL\GraphQLSample.csproj", "{962F547D-DE8C-41B1-B540-B77FC9FE920D}"
EndProject
Global
	GlobalSection(SolutionConfigurationPlatforms) = preSolution
		Debug|Any CPU = Debug|Any CPU
		Release|Any CPU = Release|Any CPU
	EndGlobalSection
	GlobalSection(ProjectConfigurationPlatforms) = postSolution
		{962F547D-DE8C-41B1-B540-B77FC9FE920D}.Debug|Any CPU.ActiveCfg = Debug|Any CPU
		{962F547D-DE8C-41B1-B540-B77FC9FE920D}.Debug|Any CPU.Build.0 = Debug|Any CPU
		{962F547D-DE8C-41B1-B540-B77FC9FE920D}.Release|Any CPU.ActiveCfg = Release|Any CPU
		{962F547D-DE8C-41B1-B540-B77FC9FE920D}.Release|Any CPU.Build.0 = Release|Any CPU
	EndGlobalSection
	GlobalSection(SolutionProperties) = preSolution
		HideSolutionNode = FALSE
	EndGlobalSection
	GlobalSection(ExtensibilityGlobals) = postSolution
		SolutionGuid = {44A722B0-D9FC-4801-B5FC-F0CE4359F424}
	EndGlobalSection
EndGlobal
