
Microsoft Visual Studio Solution File, Format Version 12.00
# Visual Studio 15
VisualStudioVersion = 15.0.27428.2005
MinimumVisualStudioVersion = 10.0.40219.1
Project("{FAE04EC0-301F-11D3-BF4B-00C04F79EFBC}") = "RequestRateLimiting", "RequestRateLimiting\RequestRateLimiting.csproj", "{EE472A13-399D-46EC-A278-E9A3B379A295}"
EndProject
Global
	GlobalSection(SolutionConfigurationPlatforms) = preSolution
		Debug|Any CPU = Debug|Any CPU
		Release|Any CPU = Release|Any CPU
	EndGlobalSection
	GlobalSection(ProjectConfigurationPlatforms) = postSolution
		{EE472A13-399D-46EC-A278-E9A3B379A295}.Debug|Any CPU.ActiveCfg = Debug|Any CPU
		{EE472A13-399D-46EC-A278-E9A3B379A295}.Debug|Any CPU.Build.0 = Debug|Any CPU
		{EE472A13-399D-46EC-A278-E9A3B379A295}.Release|Any CPU.ActiveCfg = Release|Any CPU
		{EE472A13-399D-46EC-A278-E9A3B379A295}.Release|Any CPU.Build.0 = Release|Any CPU
	EndGlobalSection
	GlobalSection(SolutionProperties) = preSolution
		HideSolutionNode = FALSE
	EndGlobalSection
	GlobalSection(ExtensibilityGlobals) = postSolution
		SolutionGuid = {34C8EE02-225C-425C-92FD-50423C456F47}
	EndGlobalSection
EndGlobal
