
Microsoft Visual Studio Solution File, Format Version 12.00
# Visual Studio 15
VisualStudioVersion = 15.0.27428.2005
MinimumVisualStudioVersion = 10.0.40219.1
Project("{FAE04EC0-301F-11D3-BF4B-00C04F79EFBC}") = "OptionsExample", "OptionsExample\OptionsExample.csproj", "{CCCBAD8F-9B44-41FF-A7CE-8DA682DAA364}"
EndProject
Global
	GlobalSection(SolutionConfigurationPlatforms) = preSolution
		Debug|Any CPU = Debug|Any CPU
		Release|Any CPU = Release|Any CPU
	EndGlobalSection
	GlobalSection(ProjectConfigurationPlatforms) = postSolution
		{CCCBAD8F-9B44-41FF-A7CE-8DA682DAA364}.Debug|Any CPU.ActiveCfg = Debug|Any CPU
		{CCCBAD8F-9B44-41FF-A7CE-8DA682DAA364}.Debug|Any CPU.Build.0 = Debug|Any CPU
		{CCCBAD8F-9B44-41FF-A7CE-8DA682DAA364}.Release|Any CPU.ActiveCfg = Release|Any CPU
		{CCCBAD8F-9B44-41FF-A7CE-8DA682DAA364}.Release|Any CPU.Build.0 = Release|Any CPU
	EndGlobalSection
	GlobalSection(SolutionProperties) = preSolution
		HideSolutionNode = FALSE
	EndGlobalSection
	GlobalSection(ExtensibilityGlobals) = postSolution
		SolutionGuid = {34EF3474-3C53-4648-BA9B-A458716FB290}
	EndGlobalSection
EndGlobal
