
Microsoft Visual Studio Solution File, Format Version 12.00
# Visual Studio 15
VisualStudioVersion = 15.0.27428.2005
MinimumVisualStudioVersion = 10.0.40219.1
Project("{FAE04EC0-301F-11D3-BF4B-00C04F79EFBC}") = "Middleware", "Middleware\Middleware.csproj", "{544CE2A7-895D-4949-B85A-16FA2193B7E3}"
EndProject
Global
	GlobalSection(SolutionConfigurationPlatforms) = preSolution
		Debug|Any CPU = Debug|Any CPU
		Release|Any CPU = Release|Any CPU
	EndGlobalSection
	GlobalSection(ProjectConfigurationPlatforms) = postSolution
		{544CE2A7-895D-4949-B85A-16FA2193B7E3}.Debug|Any CPU.ActiveCfg = Debug|Any CPU
		{544CE2A7-895D-4949-B85A-16FA2193B7E3}.Debug|Any CPU.Build.0 = Debug|Any CPU
		{544CE2A7-895D-4949-B85A-16FA2193B7E3}.Release|Any CPU.ActiveCfg = Release|Any CPU
		{544CE2A7-895D-4949-B85A-16FA2193B7E3}.Release|Any CPU.Build.0 = Release|Any CPU
	EndGlobalSection
	GlobalSection(SolutionProperties) = preSolution
		HideSolutionNode = FALSE
	EndGlobalSection
	GlobalSection(ExtensibilityGlobals) = postSolution
		SolutionGuid = {17952412-6CDF-48F5-B9FC-18C214674979}
	EndGlobalSection
EndGlobal
