
Microsoft Visual Studio Solution File, Format Version 12.00
# Visual Studio 15
VisualStudioVersion = 15.0.27428.2015
MinimumVisualStudioVersion = 10.0.40219.1
Project("{FAE04EC0-301F-11D3-BF4B-00C04F79EFBC}") = "Versioning", "Versioning\Versioning.csproj", "{EC30612C-14DC-47A3-BEFA-B9B4F1BC6BD6}"
EndProject
Global
	GlobalSection(SolutionConfigurationPlatforms) = preSolution
		Debug|Any CPU = Debug|Any CPU
		Release|Any CPU = Release|Any CPU
	EndGlobalSection
	GlobalSection(ProjectConfigurationPlatforms) = postSolution
		{EC30612C-14DC-47A3-BEFA-B9B4F1BC6BD6}.Debug|Any CPU.ActiveCfg = Debug|Any CPU
		{EC30612C-14DC-47A3-BEFA-B9B4F1BC6BD6}.Debug|Any CPU.Build.0 = Debug|Any CPU
		{EC30612C-14DC-47A3-BEFA-B9B4F1BC6BD6}.Release|Any CPU.ActiveCfg = Release|Any CPU
		{EC30612C-14DC-47A3-BEFA-B9B4F1BC6BD6}.Release|Any CPU.Build.0 = Release|Any CPU
	EndGlobalSection
	GlobalSection(SolutionProperties) = preSolution
		HideSolutionNode = FALSE
	EndGlobalSection
	GlobalSection(ExtensibilityGlobals) = postSolution
		SolutionGuid = {4106F60B-B11D-4729-AF7B-B25D8881F203}
	EndGlobalSection
EndGlobal
