
Microsoft Visual Studio Solution File, Format Version 12.00
# Visual Studio 15
VisualStudioVersion = 15.0.27428.2005
MinimumVisualStudioVersion = 10.0.40219.1
Project("{FAE04EC0-301F-11D3-BF4B-00C04F79EFBC}") = "BasicLogging", "BasicLogging\BasicLogging.csproj", "{77058424-8D36-4D43-84E4-BD494C24C5D8}"
EndProject
Global
	GlobalSection(SolutionConfigurationPlatforms) = preSolution
		Debug|Any CPU = Debug|Any CPU
		Release|Any CPU = Release|Any CPU
	EndGlobalSection
	GlobalSection(ProjectConfigurationPlatforms) = postSolution
		{77058424-8D36-4D43-84E4-BD494C24C5D8}.Debug|Any CPU.ActiveCfg = Debug|Any CPU
		{77058424-8D36-4D43-84E4-BD494C24C5D8}.Debug|Any CPU.Build.0 = Debug|Any CPU
		{77058424-8D36-4D43-84E4-BD494C24C5D8}.Release|Any CPU.ActiveCfg = Release|Any CPU
		{77058424-8D36-4D43-84E4-BD494C24C5D8}.Release|Any CPU.Build.0 = Release|Any CPU
	EndGlobalSection
	GlobalSection(SolutionProperties) = preSolution
		HideSolutionNode = FALSE
	EndGlobalSection
	GlobalSection(ExtensibilityGlobals) = postSolution
		SolutionGuid = {70E8E84D-A292-40D5-954E-066D9148F8DC}
	EndGlobalSection
EndGlobal
