
Microsoft Visual Studio Solution File, Format Version 12.00
# Visual Studio 15
VisualStudioVersion = 15.0.27428.2005
MinimumVisualStudioVersion = 10.0.40219.1
Project("{FAE04EC0-301F-11D3-BF4B-00C04F79EFBC}") = "Configuration", "Configuration\Configuration.csproj", "{8EE9F95A-4F8C-4883-B0AD-71DE163731F9}"
EndProject
Global
	GlobalSection(SolutionConfigurationPlatforms) = preSolution
		Debug|Any CPU = Debug|Any CPU
		Release|Any CPU = Release|Any CPU
	EndGlobalSection
	GlobalSection(ProjectConfigurationPlatforms) = postSolution
		{8EE9F95A-4F8C-4883-B0AD-71DE163731F9}.Debug|Any CPU.ActiveCfg = Debug|Any CPU
		{8EE9F95A-4F8C-4883-B0AD-71DE163731F9}.Debug|Any CPU.Build.0 = Debug|Any CPU
		{8EE9F95A-4F8C-4883-B0AD-71DE163731F9}.Release|Any CPU.ActiveCfg = Release|Any CPU
		{8EE9F95A-4F8C-4883-B0AD-71DE163731F9}.Release|Any CPU.Build.0 = Release|Any CPU
	EndGlobalSection
	GlobalSection(SolutionProperties) = preSolution
		HideSolutionNode = FALSE
	EndGlobalSection
	GlobalSection(ExtensibilityGlobals) = postSolution
		SolutionGuid = {FF6845A5-206D-4166-BDD5-1B67ACA9C63A}
	EndGlobalSection
EndGlobal
