
Microsoft Visual Studio Solution File, Format Version 12.00
# Visual Studio 15
VisualStudioVersion = 15.0.27428.2005
MinimumVisualStudioVersion = 10.0.40219.1
Project("{FAE04EC0-301F-11D3-BF4B-00C04F79EFBC}") = "Exceptions", "Exceptions\Exceptions.csproj", "{2CB45188-EF36-4C37-A784-3F19FD6DECCD}"
EndProject
Global
	GlobalSection(SolutionConfigurationPlatforms) = preSolution
		Debug|Any CPU = Debug|Any CPU
		Release|Any CPU = Release|Any CPU
	EndGlobalSection
	GlobalSection(ProjectConfigurationPlatforms) = postSolution
		{2CB45188-EF36-4C37-A784-3F19FD6DECCD}.Debug|Any CPU.ActiveCfg = Debug|Any CPU
		{2CB45188-EF36-4C37-A784-3F19FD6DECCD}.Debug|Any CPU.Build.0 = Debug|Any CPU
		{2CB45188-EF36-4C37-A784-3F19FD6DECCD}.Release|Any CPU.ActiveCfg = Release|Any CPU
		{2CB45188-EF36-4C37-A784-3F19FD6DECCD}.Release|Any CPU.Build.0 = Release|Any CPU
	EndGlobalSection
	GlobalSection(SolutionProperties) = preSolution
		HideSolutionNode = FALSE
	EndGlobalSection
	GlobalSection(ExtensibilityGlobals) = postSolution
		SolutionGuid = {C1887E19-F51F-42BF-ADE3-778F7E9D01E3}
	EndGlobalSection
EndGlobal
